// !$*UTF8*$!
{
	archiveVersion = 1;
	classes = {
	};
	objectVersion = 46;
	objects = {

/* Begin PBXGroup section */
		C44F4EB41EDFA25C00BB7FB3 = {
			isa = PBXGroup;
			children = (
			);
			sourceTree = "<group>";
		};
/* End PBXGroup section */

/* Begin PBXProject section */
		C44F4EB51EDFA25C00BB7FB3 /* Project object */ = {
			isa = PBXProject;
			attributes = {
				LastUpgradeCheck = 0830;
			};
			buildConfigurationList = C44F4EB81EDFA25C00BB7FB3 /* Build configuration list for PBXProject "Jsev3" */;
			compatibilityVersion = "Xcode 3.2";
			developmentRegion = English;
			hasScannedForEncodings = 0;
			knownRegions = (
				en,
			);
			mainGroup = C44F4EB41EDFA25C00BB7FB3;
			projectDirPath = "";
			projectRoot = "";
			targets = (
			);
		};
/* End PBXProject section */

/* Begin XCBuildConfiguration section */
		C44F4EB91EDFA25C00BB7FB3 /* Debug */ = {
			isa = XCBuildConfiguration;
			buildSettings = {
			};
			name = Debug;
		};
		C44F4EBA1EDFA25C00BB7FB3 /* Release */ = {
			isa = XCBuildConfiguration;
			buildSettings = {
			};
			name = Release;
		};
/* End XCBuildConfiguration section */

/* Begin XCConfigurationList section */
		C44F4EB81EDFA25C00BB7FB3 /* Build configuration list for PBXProject "Jsev3" */ = {
			isa = XCConfigurationList;
			buildConfigurations = (
				C44F4EB91EDFA25C00BB7FB3 /* Debug */,
				C44F4EBA1EDFA25C00BB7FB3 /* Release */,
			);
			defaultConfigurationIsVisible = 0;
			defaultConfigurationName = Release;
		};
/* End XCConfigurationList section */
	};
	rootObject = C44F4EB51EDFA25C00BB7FB3 /* Project object */;
}
